
Microsoft Visual Studio Solution File, Format Version 12.00
# Visual Studio Version 16
VisualStudioVersion = 16.0.29613.14
MinimumVisualStudioVersion = 10.0.40219.1
Project("{FAE04EC0-301F-11D3-BF4B-00C04F79EFBC}") = "MyEnglishTeacher.Android", "MyEnglishTeacher.Android\MyEnglishTeacher.Android.csproj", "{7D8AB2D4-4350-4FA5-B101-1ED818FF44CF}"
EndProject
Project("{FAE04EC0-301F-11D3-BF4B-00C04F79EFBC}") = "MyEnglishTeacher.iOS", "MyEnglishTeacher.iOS\MyEnglishTeacher.iOS.csproj", "{7219BC38-E121-4D3E-8C15-A801A737F88A}"
EndProject
Project("{FAE04EC0-301F-11D3-BF4B-00C04F79EFBC}") = "MyEnglishTeacher", "MyEnglishTeacher\MyEnglishTeacher.csproj", "{2576F4AA-12D4-4AE7-AD80-B4E3585FE233}"
EndProject
Global
	GlobalSection(SolutionConfigurationPlatforms) = preSolution
		Debug|Any CPU = Debug|Any CPU
		Debug|iPhone = Debug|iPhone
		Debug|iPhoneSimulator = Debug|iPhoneSimulator
		Release|Any CPU = Release|Any CPU
		Release|iPhone = Release|iPhone
		Release|iPhoneSimulator = Release|iPhoneSimulator
	EndGlobalSection
	GlobalSection(ProjectConfigurationPlatforms) = postSolution
		{7D8AB2D4-4350-4FA5-B101-1ED818FF44CF}.Debug|Any CPU.ActiveCfg = Debug|Any CPU
		{7D8AB2D4-4350-4FA5-B101-1ED818FF44CF}.Debug|Any CPU.Build.0 = Debug|Any CPU
		{7D8AB2D4-4350-4FA5-B101-1ED818FF44CF}.Debug|Any CPU.Deploy.0 = Debug|Any CPU
		{7D8AB2D4-4350-4FA5-B101-1ED818FF44CF}.Debug|iPhone.ActiveCfg = Debug|Any CPU
		{7D8AB2D4-4350-4FA5-B101-1ED818FF44CF}.Debug|iPhone.Build.0 = Debug|Any CPU
		{7D8AB2D4-4350-4FA5-B101-1ED818FF44CF}.Debug|iPhone.Deploy.0 = Debug|Any CPU
		{7D8AB2D4-4350-4FA5-B101-1ED818FF44CF}.Debug|iPhoneSimulator.ActiveCfg = Debug|Any CPU
		{7D8AB2D4-4350-4FA5-B101-1ED818FF44CF}.Debug|iPhoneSimulator.Build.0 = Debug|Any CPU
		{7D8AB2D4-4350-4FA5-B101-1ED818FF44CF}.Debug|iPhoneSimulator.Deploy.0 = Debug|Any CPU
		{7D8AB2D4-4350-4FA5-B101-1ED818FF44CF}.Release|Any CPU.ActiveCfg = Release|Any CPU
		{7D8AB2D4-4350-4FA5-B101-1ED818FF44CF}.Release|Any CPU.Build.0 = Release|Any CPU
		{7D8AB2D4-4350-4FA5-B101-1ED818FF44CF}.Release|Any CPU.Deploy.0 = Release|Any CPU
		{7D8AB2D4-4350-4FA5-B101-1ED818FF44CF}.Release|iPhone.ActiveCfg = Release|Any CPU
		{7D8AB2D4-4350-4FA5-B101-1ED818FF44CF}.Release|iPhone.Build.0 = Release|Any CPU
		{7D8AB2D4-4350-4FA5-B101-1ED818FF44CF}.Release|iPhone.Deploy.0 = Release|Any CPU
		{7D8AB2D4-4350-4FA5-B101-1ED818FF44CF}.Release|iPhoneSimulator.ActiveCfg = Release|Any CPU
		{7D8AB2D4-4350-4FA5-B101-1ED818FF44CF}.Release|iPhoneSimulator.Build.0 = Release|Any CPU
		{7D8AB2D4-4350-4FA5-B101-1ED818FF44CF}.Release|iPhoneSimulator.Deploy.0 = Release|Any CPU
		{7219BC38-E121-4D3E-8C15-A801A737F88A}.Debug|Any CPU.ActiveCfg = Debug|iPhoneSimulator
		{7219BC38-E121-4D3E-8C15-A801A737F88A}.Debug|Any CPU.Build.0 = Debug|iPhoneSimulator
		{7219BC38-E121-4D3E-8C15-A801A737F88A}.Debug|Any CPU.Deploy.0 = Debug|iPhoneSimulator
		{7219BC38-E121-4D3E-8C15-A801A737F88A}.Debug|iPhone.ActiveCfg = Debug|iPhone
		{7219BC38-E121-4D3E-8C15-A801A737F88A}.Debug|iPhone.Build.0 = Debug|iPhone
		{7219BC38-E121-4D3E-8C15-A801A737F88A}.Debug|iPhone.Deploy.0 = Debug|iPhone
		{7219BC38-E121-4D3E-8C15-A801A737F88A}.Debug|iPhoneSimulator.ActiveCfg = Debug|iPhoneSimulator
		{7219BC38-E121-4D3E-8C15-A801A737F88A}.Debug|iPhoneSimulator.Build.0 = Debug|iPhoneSimulator
		{7219BC38-E121-4D3E-8C15-A801A737F88A}.Debug|iPhoneSimulator.Deploy.0 = Debug|iPhoneSimulator
		{7219BC38-E121-4D3E-8C15-A801A737F88A}.Release|Any CPU.ActiveCfg = Release|iPhone
		{7219BC38-E121-4D3E-8C15-A801A737F88A}.Release|Any CPU.Build.0 = Release|iPhone
		{7219BC38-E121-4D3E-8C15-A801A737F88A}.Release|Any CPU.Deploy.0 = Release|iPhone
		{7219BC38-E121-4D3E-8C15-A801A737F88A}.Release|iPhone.ActiveCfg = Release|iPhone
		{7219BC38-E121-4D3E-8C15-A801A737F88A}.Release|iPhone.Build.0 = Release|iPhone
		{7219BC38-E121-4D3E-8C15-A801A737F88A}.Release|iPhone.Deploy.0 = Release|iPhone
		{7219BC38-E121-4D3E-8C15-A801A737F88A}.Release|iPhoneSimulator.ActiveCfg = Release|iPhoneSimulator
		{7219BC38-E121-4D3E-8C15-A801A737F88A}.Release|iPhoneSimulator.Build.0 = Release|iPhoneSimulator
		{7219BC38-E121-4D3E-8C15-A801A737F88A}.Release|iPhoneSimulator.Deploy.0 = Release|iPhoneSimulator
		{2576F4AA-12D4-4AE7-AD80-B4E3585FE233}.Debug|Any CPU.ActiveCfg = Debug|Any CPU
		{2576F4AA-12D4-4AE7-AD80-B4E3585FE233}.Debug|Any CPU.Build.0 = Debug|Any CPU
		{2576F4AA-12D4-4AE7-AD80-B4E3585FE233}.Debug|Any CPU.Deploy.0 = Debug|Any CPU
		{2576F4AA-12D4-4AE7-AD80-B4E3585FE233}.Debug|iPhone.ActiveCfg = Debug|Any CPU
		{2576F4AA-12D4-4AE7-AD80-B4E3585FE233}.Debug|iPhone.Build.0 = Debug|Any CPU
		{2576F4AA-12D4-4AE7-AD80-B4E3585FE233}.Debug|iPhone.Deploy.0 = Debug|Any CPU
		{2576F4AA-12D4-4AE7-AD80-B4E3585FE233}.Debug|iPhoneSimulator.ActiveCfg = Debug|Any CPU
		{2576F4AA-12D4-4AE7-AD80-B4E3585FE233}.Debug|iPhoneSimulator.Build.0 = Debug|Any CPU
		{2576F4AA-12D4-4AE7-AD80-B4E3585FE233}.Debug|iPhoneSimulator.Deploy.0 = Debug|Any CPU
		{2576F4AA-12D4-4AE7-AD80-B4E3585FE233}.Release|Any CPU.ActiveCfg = Release|Any CPU
		{2576F4AA-12D4-4AE7-AD80-B4E3585FE233}.Release|Any CPU.Build.0 = Release|Any CPU
		{2576F4AA-12D4-4AE7-AD80-B4E3585FE233}.Release|Any CPU.Deploy.0 = Release|Any CPU
		{2576F4AA-12D4-4AE7-AD80-B4E3585FE233}.Release|iPhone.ActiveCfg = Release|Any CPU
		{2576F4AA-12D4-4AE7-AD80-B4E3585FE233}.Release|iPhone.Build.0 = Release|Any CPU
		{2576F4AA-12D4-4AE7-AD80-B4E3585FE233}.Release|iPhone.Deploy.0 = Release|Any CPU
		{2576F4AA-12D4-4AE7-AD80-B4E3585FE233}.Release|iPhoneSimulator.ActiveCfg = Release|Any CPU
		{2576F4AA-12D4-4AE7-AD80-B4E3585FE233}.Release|iPhoneSimulator.Build.0 = Release|Any CPU
		{2576F4AA-12D4-4AE7-AD80-B4E3585FE233}.Release|iPhoneSimulator.Deploy.0 = Release|Any CPU
	EndGlobalSection
	GlobalSection(SolutionProperties) = preSolution
		HideSolutionNode = FALSE
	EndGlobalSection
	GlobalSection(ExtensibilityGlobals) = postSolution
		SolutionGuid = {FAE6D4A2-A811-4FAE-B56E-4681631D5E6F}
	EndGlobalSection
EndGlobal
